// !$*UTF8*$!
{
	archiveVersion = 1;
	classes = {
	};
	objectVersion = 48;
	objects = {

/* Begin PBXBuildFile section */
		0819BF0F1FA2104800AA7706 /* Controllers.png in Resources */ = {isa = PBXBuildFile; fileRef = 0819BF0E1FA2104800AA7706 /* Controllers.png */; };
		08AB7E981FA0CEF300E6D05C /* README.md in Resources */ = {isa = PBXBuildFile; fileRef = 08AB7E971FA0CEF300E6D05C /* README.md */; };
		08AB7E9A1FA12FDA00E6D05C /* TableFormCoreDataMini.png in Resources */ = {isa = PBXBuildFile; fileRef = 08AB7E991FA12FDA00E6D05C /* TableFormCoreDataMini.png */; };
		08D8AE8420E06C28002B06D1 /* FormModel.swift in Sources */ = {isa = PBXBuildFile; fileRef = 08D8AE8320E06C28002B06D1 /* FormModel.swift */; };
		C3BC5DFC1F94D6E900209D21 /* CoreDataManager.swift in Sources */ = {isa = PBXBuildFile; fileRef = C3BC5DFB1F94D6E900209D21 /* CoreDataManager.swift */; };
		C3DEA42D1F8E4A260005A89D /* AppDelegate.swift in Sources */ = {isa = PBXBuildFile; fileRef = C3DEA42C1F8E4A260005A89D /* AppDelegate.swift */; };
		C3DEA4301F8E4A260005A89D /* TableFormCoreData.xcdatamodeld in Sources */ = {isa = PBXBuildFile; fileRef = C3DEA42E1F8E4A260005A89D /* TableFormCoreData.xcdatamodeld */; };
		C3DEA4321F8E4A260005A89D /* Assets.xcassets in Resources */ = {isa = PBXBuildFile; fileRef = C3DEA4311F8E4A260005A89D /* Assets.xcassets */; };
		C3DEA4351F8E4A260005A89D /* LaunchScreen.storyboard in Resources */ = {isa = PBXBuildFile; fileRef = C3DEA4331F8E4A260005A89D /* LaunchScreen.storyboard */; };
		C3DEA4411F8E4A440005A89D /* TableViewController.swift in Sources */ = {isa = PBXBuildFile; fileRef = C3DEA43C1F8E4A440005A89D /* TableViewController.swift */; };
		C3DEA4421F8E4A440005A89D /* EmployeeController.swift in Sources */ = {isa = PBXBuildFile; fileRef = C3DEA43D1F8E4A440005A89D /* EmployeeController.swift */; };
		C3DEA4431F8E4A440005A89D /* FormView.swift in Sources */ = {isa = PBXBuildFile; fileRef = C3DEA43E1F8E4A440005A89D /* FormView.swift */; };
		C3DEA4441F8E4A440005A89D /* FormCells.swift in Sources */ = {isa = PBXBuildFile; fileRef = C3DEA43F1F8E4A440005A89D /* FormCells.swift */; };
		C3DEA4451F8E4A440005A89D /* FormViewController.swift in Sources */ = {isa = PBXBuildFile; fileRef = C3DEA4401F8E4A440005A89D /* FormViewController.swift */; };
		C3DEA4471F8E4B050005A89D /* EmployeesController.swift in Sources */ = {isa = PBXBuildFile; fileRef = C3DEA4461F8E4B050005A89D /* EmployeesController.swift */; };
		C3DEA45C1F8E530E0005A89D /* Employee.swift in Sources */ = {isa = PBXBuildFile; fileRef = C3DEA4581F8E530E0005A89D /* Employee.swift */; };
		C3DEA45E1F8E530E0005A89D /* Gender.swift in Sources */ = {isa = PBXBuildFile; fileRef = C3DEA45A1F8E530E0005A89D /* Gender.swift */; };
/* End PBXBuildFile section */

/* Begin PBXFileReference section */
		0819BF0E1FA2104800AA7706 /* Controllers.png */ = {isa = PBXFileReference; lastKnownFileType = image.png; path = Controllers.png; sourceTree = "<group>"; };
		08AB7E971FA0CEF300E6D05C /* README.md */ = {isa = PBXFileReference; fileEncoding = 4; lastKnownFileType = net.daringfireball.markdown; path = README.md; sourceTree = "<group>"; };
		08AB7E991FA12FDA00E6D05C /* TableFormCoreDataMini.png */ = {isa = PBXFileReference; lastKnownFileType = image.png; path = TableFormCoreDataMini.png; sourceTree = "<group>"; };
		08D8AE8320E06C28002B06D1 /* FormModel.swift */ = {isa = PBXFileReference; fileEncoding = 4; lastKnownFileType = sourcecode.swift; path = FormModel.swift; sourceTree = "<group>"; };
		C3BC5DFB1F94D6E900209D21 /* CoreDataManager.swift */ = {isa = PBXFileReference; fileEncoding = 4; lastKnownFileType = sourcecode.swift; path = CoreDataManager.swift; sourceTree = "<group>"; };
		C3DEA4291F8E4A260005A89D /* TableFormCoreData.app */ = {isa = PBXFileReference; explicitFileType = wrapper.application; includeInIndex = 0; path = TableFormCoreData.app; sourceTree = BUILT_PRODUCTS_DIR; };
		C3DEA42C1F8E4A260005A89D /* AppDelegate.swift */ = {isa = PBXFileReference; lastKnownFileType = sourcecode.swift; path = AppDelegate.swift; sourceTree = "<group>"; };
		C3DEA42F1F8E4A260005A89D /* TableFormCoreData.xcdatamodel */ = {isa = PBXFileReference; lastKnownFileType = wrapper.xcdatamodel; path = TableFormCoreData.xcdatamodel; sourceTree = "<group>"; };
		C3DEA4311F8E4A260005A89D /* Assets.xcassets */ = {isa = PBXFileReference; lastKnownFileType = folder.assetcatalog; path = Assets.xcassets; sourceTree = "<group>"; };
		C3DEA4341F8E4A260005A89D /* Base */ = {isa = PBXFileReference; lastKnownFileType = file.storyboard; name = Base; path = Base.lproj/LaunchScreen.storyboard; sourceTree = "<group>"; };
		C3DEA4361F8E4A260005A89D /* Info.plist */ = {isa = PBXFileReference; lastKnownFileType = text.plist.xml; path = Info.plist; sourceTree = "<group>"; };
		C3DEA43C1F8E4A440005A89D /* TableViewController.swift */ = {isa = PBXFileReference; fileEncoding = 4; lastKnownFileType = sourcecode.swift; path = TableViewController.swift; sourceTree = "<group>"; };
		C3DEA43D1F8E4A440005A89D /* EmployeeController.swift */ = {isa = PBXFileReference; fileEncoding = 4; lastKnownFileType = sourcecode.swift; path = EmployeeController.swift; sourceTree = "<group>"; };
		C3DEA43E1F8E4A440005A89D /* FormView.swift */ = {isa = PBXFileReference; fileEncoding = 4; lastKnownFileType = sourcecode.swift; path = FormView.swift; sourceTree = "<group>"; };
		C3DEA43F1F8E4A440005A89D /* FormCells.swift */ = {isa = PBXFileReference; fileEncoding = 4; lastKnownFileType = sourcecode.swift; path = FormCells.swift; sourceTree = "<group>"; };
		C3DEA4401F8E4A440005A89D /* FormViewController.swift */ = {isa = PBXFileReference; fileEncoding = 4; lastKnownFileType = sourcecode.swift; path = FormViewController.swift; sourceTree = "<group>"; };
		C3DEA4461F8E4B050005A89D /* EmployeesController.swift */ = {isa = PBXFileReference; lastKnownFileType = sourcecode.swift; path = EmployeesController.swift; sourceTree = "<group>"; };
		C3DEA4581F8E530E0005A89D /* Employee.swift */ = {isa = PBXFileReference; lastKnownFileType = sourcecode.swift; path = Employee.swift; sourceTree = "<group>"; };
		C3DEA45A1F8E530E0005A89D /* Gender.swift */ = {isa = PBXFileReference; lastKnownFileType = sourcecode.swift; path = Gender.swift; sourceTree = "<group>"; };
/* End PBXFileReference section */

/* Begin PBXFrameworksBuildPhase section */
		C3DEA4261F8E4A260005A89D /* Frameworks */ = {
			isa = PBXFrameworksBuildPhase;
			buildActionMask = 2147483647;
			files = (
			);
			runOnlyForDeploymentPostprocessing = 0;
		};
/* End PBXFrameworksBuildPhase section */

/* Begin PBXGroup section */
		C3BC5DF71F94CDC800209D21 /* model */ = {
			isa = PBXGroup;
			children = (
				C3DEA4581F8E530E0005A89D /* Employee.swift */,
				C3DEA45A1F8E530E0005A89D /* Gender.swift */,
			);
			path = model;
			sourceTree = "<group>";
		};
		C3BC5DF81F94CDDD00209D21 /* TableForm */ = {
			isa = PBXGroup;
			children = (
				C3DEA43F1F8E4A440005A89D /* FormCells.swift */,
				C3DEA43E1F8E4A440005A89D /* FormView.swift */,
				C3DEA4401F8E4A440005A89D /* FormViewController.swift */,
				08D8AE8320E06C28002B06D1 /* FormModel.swift */,
			);
			path = TableForm;
			sourceTree = "<group>";
		};
		C3BC5DF91F94CE0500209D21 /* GenericTableView */ = {
			isa = PBXGroup;
			children = (
				C3DEA43C1F8E4A440005A89D /* TableViewController.swift */,
			);
			path = GenericTableView;
			sourceTree = "<group>";
		};
		C3BC5DFA1F94D6D800209D21 /* CoreData */ = {
			isa = PBXGroup;
			children = (
				C3BC5DFB1F94D6E900209D21 /* CoreDataManager.swift */,
			);
			path = CoreData;
			sourceTree = "<group>";
		};
		C3DEA4201F8E4A250005A89D = {
			isa = PBXGroup;
			children = (
				08AB7E991FA12FDA00E6D05C /* TableFormCoreDataMini.png */,
				0819BF0E1FA2104800AA7706 /* Controllers.png */,
				08AB7E971FA0CEF300E6D05C /* README.md */,
				C3DEA42B1F8E4A260005A89D /* TableFormCoreData */,
				C3DEA42A1F8E4A260005A89D /* Products */,
			);
			sourceTree = "<group>";
		};
		C3DEA42A1F8E4A260005A89D /* Products */ = {
			isa = PBXGroup;
			children = (
				C3DEA4291F8E4A260005A89D /* TableFormCoreData.app */,
			);
			name = Products;
			sourceTree = "<group>";
		};
		C3DEA42B1F8E4A260005A89D /* TableFormCoreData */ = {
			isa = PBXGroup;
			children = (
				C3BC5DFA1F94D6D800209D21 /* CoreData */,
				C3BC5DF91F94CE0500209D21 /* GenericTableView */,
				C3BC5DF81F94CDDD00209D21 /* TableForm */,
				C3BC5DF71F94CDC800209D21 /* model */,
				C3DEA43D1F8E4A440005A89D /* EmployeeController.swift */,
				C3DEA4461F8E4B050005A89D /* EmployeesController.swift */,
				C3DEA42C1F8E4A260005A89D /* AppDelegate.swift */,
				C3DEA4311F8E4A260005A89D /* Assets.xcassets */,
				C3DEA4331F8E4A260005A89D /* LaunchScreen.storyboard */,
				C3DEA4361F8E4A260005A89D /* Info.plist */,
				C3DEA42E1F8E4A260005A89D /* TableFormCoreData.xcdatamodeld */,
			);
			path = TableFormCoreData;
			sourceTree = "<group>";
		};
/* End PBXGroup section */

/* Begin PBXNativeTarget section */
		C3DEA4281F8E4A260005A89D /* TableFormCoreData */ = {
			isa = PBXNativeTarget;
			buildConfigurationList = C3DEA4391F8E4A260005A89D /* Build configuration list for PBXNativeTarget "TableFormCoreData" */;
			buildPhases = (
				C3DEA4251F8E4A260005A89D /* Sources */,
				C3DEA4261F8E4A260005A89D /* Frameworks */,
				C3DEA4271F8E4A260005A89D /* Resources */,
			);
			buildRules = (
			);
			dependencies = (
			);
			name = TableFormCoreData;
			productName = TableFormCoreData;
			productReference = C3DEA4291F8E4A260005A89D /* TableFormCoreData.app */;
			productType = "com.apple.product-type.application";
		};
/* End PBXNativeTarget section */

/* Begin PBXProject section */
		C3DEA4211F8E4A250005A89D /* Project object */ = {
			isa = PBXProject;
			attributes = {
				LastSwiftUpdateCheck = 0910;
				LastUpgradeCheck = 0940;
				ORGANIZATIONNAME = "Sebastiao Gazolla Costa Junior";
				TargetAttributes = {
					C3DEA4281F8E4A260005A89D = {
						CreatedOnToolsVersion = 9.1;
						ProvisioningStyle = Automatic;
					};
				};
			};
			buildConfigurationList = C3DEA4241F8E4A250005A89D /* Build configuration list for PBXProject "TableFormCoreData" */;
			compatibilityVersion = "Xcode 8.0";
			developmentRegion = en;
			hasScannedForEncodings = 0;
			knownRegions = (
				en,
				Base,
			);
			mainGroup = C3DEA4201F8E4A250005A89D;
			productRefGroup = C3DEA42A1F8E4A260005A89D /* Products */;
			projectDirPath = "";
			projectRoot = "";
			targets = (
				C3DEA4281F8E4A260005A89D /* TableFormCoreData */,
			);
		};
/* End PBXProject section */

/* Begin PBXResourcesBuildPhase section */
		C3DEA4271F8E4A260005A89D /* Resources */ = {
			isa = PBXResourcesBuildPhase;
			buildActionMask = 2147483647;
			files = (
				08AB7E9A1FA12FDA00E6D05C /* TableFormCoreDataMini.png in Resources */,
				08AB7E981FA0CEF300E6D05C /* README.md in Resources */,
				0819BF0F1FA2104800AA7706 /* Controllers.png in Resources */,
				C3DEA4321F8E4A260005A89D /* Assets.xcassets in Resources */,
				C3DEA4351F8E4A260005A89D /* LaunchScreen.storyboard in Resources */,
			);
			runOnlyForDeploymentPostprocessing = 0;
		};
/* End PBXResourcesBuildPhase section */

/* Begin PBXSourcesBuildPhase section */
		C3DEA4251F8E4A260005A89D /* Sources */ = {
			isa = PBXSourcesBuildPhase;
			buildActionMask = 2147483647;
			files = (
				C3DEA4421F8E4A440005A89D /* EmployeeController.swift in Sources */,
				C3DEA45C1F8E530E0005A89D /* Employee.swift in Sources */,
				C3DEA4441F8E4A440005A89D /* FormCells.swift in Sources */,
				C3DEA4451F8E4A440005A89D /* FormViewController.swift in Sources */,
				C3DEA4471F8E4B050005A89D /* EmployeesController.swift in Sources */,
				C3DEA42D1F8E4A260005A89D /* AppDelegate.swift in Sources */,
				08D8AE8420E06C28002B06D1 /* FormModel.swift in Sources */,
				C3BC5DFC1F94D6E900209D21 /* CoreDataManager.swift in Sources */,
				C3DEA45E1F8E530E0005A89D /* Gender.swift in Sources */,
				C3DEA4431F8E4A440005A89D /* FormView.swift in Sources */,
				C3DEA4411F8E4A440005A89D /* TableViewController.swift in Sources */,
				C3DEA4301F8E4A260005A89D /* TableFormCoreData.xcdatamodeld in Sources */,
			);
			runOnlyForDeploymentPostprocessing = 0;
		};
/* End PBXSourcesBuildPhase section */

/* Begin PBXVariantGroup section */
		C3DEA4331F8E4A260005A89D /* LaunchScreen.storyboard */ = {
			isa = PBXVariantGroup;
			children = (
				C3DEA4341F8E4A260005A89D /* Base */,
			);
			name = LaunchScreen.storyboard;
			sourceTree = "<group>";
		};
/* End PBXVariantGroup section */

/* Begin XCBuildConfiguration section */
		C3DEA4371F8E4A260005A89D /* Debug */ = {
			isa = XCBuildConfiguration;
			buildSettings = {
				ALWAYS_SEARCH_USER_PATHS = NO;
				CLANG_ANALYZER_NONNULL = YES;
				CLANG_ANALYZER_NUMBER_OBJECT_CONVERSION = YES_AGGRESSIVE;
				CLANG_CXX_LANGUAGE_STANDARD = "gnu++14";
				CLANG_CXX_LIBRARY = "libc++";
				CLANG_ENABLE_MODULES = YES;
				CLANG_ENABLE_OBJC_ARC = YES;
				CLANG_WARN_BLOCK_CAPTURE_AUTORELEASING = YES;
				CLANG_WARN_BOOL_CONVERSION = YES;
				CLANG_WARN_COMMA = YES;
				CLANG_WARN_CONSTANT_CONVERSION = YES;
				CLANG_WARN_DEPRECATED_OBJC_IMPLEMENTATIONS = YES;
				CLANG_WARN_DIRECT_OBJC_ISA_USAGE = YES_ERROR;
				CLANG_WARN_DOCUMENTATION_COMMENTS = YES;
				CLANG_WARN_EMPTY_BODY = YES;
				CLANG_WARN_ENUM_CONVERSION = YES;
				CLANG_WARN_INFINITE_RECURSION = YES;
				CLANG_WARN_INT_CONVERSION = YES;
				CLANG_WARN_NON_LITERAL_NULL_CONVERSION = YES;
				CLANG_WARN_OBJC_IMPLICIT_RETAIN_SELF = YES;
				CLANG_WARN_OBJC_LITERAL_CONVERSION = YES;
				CLANG_WARN_OBJC_ROOT_CLASS = YES_ERROR;
				CLANG_WARN_RANGE_LOOP_ANALYSIS = YES;
				CLANG_WARN_STRICT_PROTOTYPES = YES;
				CLANG_WARN_SUSPICIOUS_MOVE = YES;
				CLANG_WARN_UNGUARDED_AVAILABILITY = YES_AGGRESSIVE;
				CLANG_WARN_UNREACHABLE_CODE = YES;
				CLANG_WARN__DUPLICATE_METHOD_MATCH = YES;
				CODE_SIGN_IDENTITY = "iPhone Developer";
				COPY_PHASE_STRIP = NO;
				DEBUG_INFORMATION_FORMAT = dwarf;
				ENABLE_STRICT_OBJC_MSGSEND = YES;
				ENABLE_TESTABILITY = YES;
				GCC_C_LANGUAGE_STANDARD = gnu11;
				GCC_DYNAMIC_NO_PIC = NO;
				GCC_NO_COMMON_BLOCKS = YES;
				GCC_OPTIMIZATION_LEVEL = 0;
				GCC_PREPROCESSOR_DEFINITIONS = (
					"DEBUG=1",
					"$(inherited)",
				);
				GCC_WARN_64_TO_32_BIT_CONVERSION = YES;
				GCC_WARN_ABOUT_RETURN_TYPE = YES_ERROR;
				GCC_WARN_UNDECLARED_SELECTOR = YES;
				GCC_WARN_UNINITIALIZED_AUTOS = YES_AGGRESSIVE;
				GCC_WARN_UNUSED_FUNCTION = YES;
				GCC_WARN_UNUSED_VARIABLE = YES;
				IPHONEOS_DEPLOYMENT_TARGET = 11.0;
				MTL_ENABLE_DEBUG_INFO = YES;
				ONLY_ACTIVE_ARCH = YES;
				SDKROOT = iphoneos;
				SWIFT_ACTIVE_COMPILATION_CONDITIONS = DEBUG;
				SWIFT_OPTIMIZATION_LEVEL = "-Onone";
			};
			name = Debug;
		};
		C3DEA4381F8E4A260005A89D /* Release */ = {
			isa = XCBuildConfiguration;
			buildSettings = {
				ALWAYS_SEARCH_USER_PATHS = NO;
				CLANG_ANALYZER_NONNULL = YES;
				CLANG_ANALYZER_NUMBER_OBJECT_CONVERSION = YES_AGGRESSIVE;
				CLANG_CXX_LANGUAGE_STANDARD = "gnu++14";
				CLANG_CXX_LIBRARY = "libc++";
				CLANG_ENABLE_MODULES = YES;
				CLANG_ENABLE_OBJC_ARC = YES;
				CLANG_WARN_BLOCK_CAPTURE_AUTORELEASING = YES;
				CLANG_WARN_BOOL_CONVERSION = YES;
				CLANG_WARN_COMMA = YES;
				CLANG_WARN_CONSTANT_CONVERSION = YES;
				CLANG_WARN_DEPRECATED_OBJC_IMPLEMENTATIONS = YES;
				CLANG_WARN_DIRECT_OBJC_ISA_USAGE = YES_ERROR;
				CLANG_WARN_DOCUMENTATION_COMMENTS = YES;
				CLANG_WARN_EMPTY_BODY = YES;
				CLANG_WARN_ENUM_CONVERSION = YES;
				CLANG_WARN_INFINITE_RECURSION = YES;
				CLANG_WARN_INT_CONVERSION = YES;
				CLANG_WARN_NON_LITERAL_NULL_CONVERSION = YES;
				CLANG_WARN_OBJC_IMPLICIT_RETAIN_SELF = YES;
				CLANG_WARN_OBJC_LITERAL_CONVERSION = YES;
				CLANG_WARN_OBJC_ROOT_CLASS = YES_ERROR;
				CLANG_WARN_RANGE_LOOP_ANALYSIS = YES;
				CLANG_WARN_STRICT_PROTOTYPES = YES;
				CLANG_WARN_SUSPICIOUS_MOVE = YES;
				CLANG_WARN_UNGUARDED_AVAILABILITY = YES_AGGRESSIVE;
				CLANG_WARN_UNREACHABLE_CODE = YES;
				CLANG_WARN__DUPLICATE_METHOD_MATCH = YES;
				CODE_SIGN_IDENTITY = "iPhone Developer";
				COPY_PHASE_STRIP = NO;
				DEBUG_INFORMATION_FORMAT = "dwarf-with-dsym";
				ENABLE_NS_ASSERTIONS = NO;
				ENABLE_STRICT_OBJC_MSGSEND = YES;
				GCC_C_LANGUAGE_STANDARD = gnu11;
				GCC_NO_COMMON_BLOCKS = YES;
				GCC_WARN_64_TO_32_BIT_CONVERSION = YES;
				GCC_WARN_ABOUT_RETURN_TYPE = YES_ERROR;
				GCC_WARN_UNDECLARED_SELECTOR = YES;
				GCC_WARN_UNINITIALIZED_AUTOS = YES_AGGRESSIVE;
				GCC_WARN_UNUSED_FUNCTION = YES;
				GCC_WARN_UNUSED_VARIABLE = YES;
				IPHONEOS_DEPLOYMENT_TARGET = 11.0;
				MTL_ENABLE_DEBUG_INFO = NO;
				SDKROOT = iphoneos;
				SWIFT_OPTIMIZATION_LEVEL = "-Owholemodule";
				VALIDATE_PRODUCT = YES;
			};
			name = Release;
		};
		C3DEA43A1F8E4A260005A89D /* Debug */ = {
			isa = XCBuildConfiguration;
			buildSettings = {
				ASSETCATALOG_COMPILER_APPICON_NAME = AppIcon;
				CODE_SIGN_STYLE = Automatic;
				DEVELOPMENT_TEAM = MA5BADG5AW;
				INFOPLIST_FILE = TableFormCoreData/Info.plist;
				IPHONEOS_DEPLOYMENT_TARGET = 11.0;
				LD_RUNPATH_SEARCH_PATHS = "$(inherited) @executable_path/Frameworks";
				PRODUCT_BUNDLE_IDENTIFIER = com.gazapps.TableFormCoreData;
				PRODUCT_NAME = "$(TARGET_NAME)";
				SWIFT_VERSION = 4.0;
				TARGETED_DEVICE_FAMILY = "1,2";
			};
			name = Debug;
		};
		C3DEA43B1F8E4A260005A89D /* Release */ = {
			isa = XCBuildConfiguration;
			buildSettings = {
				ASSETCATALOG_COMPILER_APPICON_NAME = AppIcon;
				CODE_SIGN_STYLE = Automatic;
				DEVELOPMENT_TEAM = MA5BADG5AW;
				INFOPLIST_FILE = TableFormCoreData/Info.plist;
				IPHONEOS_DEPLOYMENT_TARGET = 11.0;
				LD_RUNPATH_SEARCH_PATHS = "$(inherited) @executable_path/Frameworks";
				PRODUCT_BUNDLE_IDENTIFIER = com.gazapps.TableFormCoreData;
				PRODUCT_NAME = "$(TARGET_NAME)";
				SWIFT_VERSION = 4.0;
				TARGETED_DEVICE_FAMILY = "1,2";
			};
			name = Release;
		};
/* End XCBuildConfiguration section */

/* Begin XCConfigurationList section */
		C3DEA4241F8E4A250005A89D /* Build configuration list for PBXProject "TableFormCoreData" */ = {
			isa = XCConfigurationList;
			buildConfigurations = (
				C3DEA4371F8E4A260005A89D /* Debug */,
				C3DEA4381F8E4A260005A89D /* Release */,
			);
			defaultConfigurationIsVisible = 0;
			defaultConfigurationName = Release;
		};
		C3DEA4391F8E4A260005A89D /* Build configuration list for PBXNativeTarget "TableFormCoreData" */ = {
			isa = XCConfigurationList;
			buildConfigurations = (
				C3DEA43A1F8E4A260005A89D /* Debug */,
				C3DEA43B1F8E4A260005A89D /* Release */,
			);
			defaultConfigurationIsVisible = 0;
			defaultConfigurationName = Release;
		};
/* End XCConfigurationList section */

/* Begin XCVersionGroup section */
		C3DEA42E1F8E4A260005A89D /* TableFormCoreData.xcdatamodeld */ = {
			isa = XCVersionGroup;
			children = (
				C3DEA42F1F8E4A260005A89D /* TableFormCoreData.xcdatamodel */,
			);
			currentVersion = C3DEA42F1F8E4A260005A89D /* TableFormCoreData.xcdatamodel */;
			path = TableFormCoreData.xcdatamodeld;
			sourceTree = "<group>";
			versionGroupType = wrapper.xcdatamodel;
		};
/* End XCVersionGroup section */
	};
	rootObject = C3DEA4211F8E4A250005A89D /* Project object */;
}
